Microsoft Visual Studio Solution File, Format Version 12.00
# Visual Studio Version 17
VisualStudioVersion = 17.5.2.0
MinimumVisualStudioVersion = 10.0.40219.1
Project("{FAE04EC0-301F-11D3-BF4B-00C04F79EFBC}") = "Qalakar", "Qalakar.csproj", "{9911D880-5250-D3C1-18B8-8D0EC87CF9B1}"
EndProject
Global
	GlobalSection(SolutionConfigurationPlatforms) = preSolution
		Debug|Any CPU = Debug|Any CPU
		Release|Any CPU = Release|Any CPU
	EndGlobalSection
	GlobalSection(ProjectConfigurationPlatforms) = postSolution
		{9911D880-5250-D3C1-18B8-8D0EC87CF9B1}.Debug|Any CPU.ActiveCfg = Debug|Any CPU
		{9911D880-5250-D3C1-18B8-8D0EC87CF9B1}.Debug|Any CPU.Build.0 = Debug|Any CPU
		{9911D880-5250-D3C1-18B8-8D0EC87CF9B1}.Release|Any CPU.ActiveCfg = Release|Any CPU
		{9911D880-5250-D3C1-18B8-8D0EC87CF9B1}.Release|Any CPU.Build.0 = Release|Any CPU
	EndGlobalSection
	GlobalSection(SolutionProperties) = preSolution
		HideSolutionNode = FALSE
	EndGlobalSection
	GlobalSection(ExtensibilityGlobals) = postSolution
		SolutionGuid = {71B0562D-2F85-4CF2-9CAA-2775AFBE99FB}
	EndGlobalSection
EndGlobal
